
Microsoft Visual Studio Solution File, Format Version 12.00
# Visual Studio Version 17
VisualStudioVersion = 17.2.32616.157
MinimumVisualStudioVersion = 10.0.40219.1
Project("{9A19103F-16F7-4668-BE54-9A1E7A4F7556}") = "DataAccess", "DataAccess\DataAccess.csproj", "{CE2035F2-15EF-41CC-ACB4-9EE5BA887456}"
EndProject
Project("{9A19103F-16F7-4668-BE54-9A1E7A4F7556}") = "Business", "Business\Business.csproj", "{A6D74901-FFDC-4C33-A4F7-78EDA36DC18C}"
EndProject
Project("{9A19103F-16F7-4668-BE54-9A1E7A4F7556}") = "Entities", "Entities\Entities.csproj", "{F7571880-48B6-4255-BB0F-25703C286264}"
EndProject
Project("{9A19103F-16F7-4668-BE54-9A1E7A4F7556}") = "Core", "Core\Core.csproj", "{4675E204-22A6-44F7-B84E-D8EAE55B912E}"
EndProject
Project("{9A19103F-16F7-4668-BE54-9A1E7A4F7556}") = "WebAPI", "WebAPI\WebAPI.csproj", "{A7A4AA33-FBA7-4B0E-A30E-70FDC5E695ED}"
EndProject
Global
	GlobalSection(SolutionConfigurationPlatforms) = preSolution
		Debug|Any CPU = Debug|Any CPU
		Release|Any CPU = Release|Any CPU
	EndGlobalSection
	GlobalSection(ProjectConfigurationPlatforms) = postSolution
		{CE2035F2-15EF-41CC-ACB4-9EE5BA887456}.Debug|Any CPU.ActiveCfg = Debug|Any CPU
		{CE2035F2-15EF-41CC-ACB4-9EE5BA887456}.Debug|Any CPU.Build.0 = Debug|Any CPU
		{CE2035F2-15EF-41CC-ACB4-9EE5BA887456}.Release|Any CPU.ActiveCfg = Release|Any CPU
		{CE2035F2-15EF-41CC-ACB4-9EE5BA887456}.Release|Any CPU.Build.0 = Release|Any CPU
		{A6D74901-FFDC-4C33-A4F7-78EDA36DC18C}.Debug|Any CPU.ActiveCfg = Debug|Any CPU
		{A6D74901-FFDC-4C33-A4F7-78EDA36DC18C}.Debug|Any CPU.Build.0 = Debug|Any CPU
		{A6D74901-FFDC-4C33-A4F7-78EDA36DC18C}.Release|Any CPU.ActiveCfg = Release|Any CPU
		{A6D74901-FFDC-4C33-A4F7-78EDA36DC18C}.Release|Any CPU.Build.0 = Release|Any CPU
		{F7571880-48B6-4255-BB0F-25703C286264}.Debug|Any CPU.ActiveCfg = Debug|Any CPU
		{F7571880-48B6-4255-BB0F-25703C286264}.Debug|Any CPU.Build.0 = Debug|Any CPU
		{F7571880-48B6-4255-BB0F-25703C286264}.Release|Any CPU.ActiveCfg = Release|Any CPU
		{F7571880-48B6-4255-BB0F-25703C286264}.Release|Any CPU.Build.0 = Release|Any CPU
		{4675E204-22A6-44F7-B84E-D8EAE55B912E}.Debug|Any CPU.ActiveCfg = Debug|Any CPU
		{4675E204-22A6-44F7-B84E-D8EAE55B912E}.Debug|Any CPU.Build.0 = Debug|Any CPU
		{4675E204-22A6-44F7-B84E-D8EAE55B912E}.Release|Any CPU.ActiveCfg = Release|Any CPU
		{4675E204-22A6-44F7-B84E-D8EAE55B912E}.Release|Any CPU.Build.0 = Release|Any CPU
		{A7A4AA33-FBA7-4B0E-A30E-70FDC5E695ED}.Debug|Any CPU.ActiveCfg = Debug|Any CPU
		{A7A4AA33-FBA7-4B0E-A30E-70FDC5E695ED}.Debug|Any CPU.Build.0 = Debug|Any CPU
		{A7A4AA33-FBA7-4B0E-A30E-70FDC5E695ED}.Release|Any CPU.ActiveCfg = Release|Any CPU
		{A7A4AA33-FBA7-4B0E-A30E-70FDC5E695ED}.Release|Any CPU.Build.0 = Release|Any CPU
	EndGlobalSection
	GlobalSection(SolutionProperties) = preSolution
		HideSolutionNode = FALSE
	EndGlobalSection
	GlobalSection(ExtensibilityGlobals) = postSolution
		SolutionGuid = {F32B1643-3124-495A-AA5F-B8F8D3952DE1}
	EndGlobalSection
EndGlobal
